// !$*UTF8*$!
{
	archiveVersion = 1;
	classes = {
	};
	objectVersion = 56;
	objects = {

/* Begin PBXBuildFile section */
		0F0786222A6E8F6C003B514E /* ProfileViewModel.swift in Sources */ = {isa = PBXBuildFile; fileRef = 0F0786212A6E8F6C003B514E /* ProfileViewModel.swift */; };
		0F0E5E402A70FB9E007D585F /* ProfileModalView.swift in Sources */ = {isa = PBXBuildFile; fileRef = 0F0E5E3F2A70FB9E007D585F /* ProfileModalView.swift */; };
		0F13B67D2A666366009C25B2 /* DDGLocation.swift in Sources */ = {isa = PBXBuildFile; fileRef = 0F13B67C2A666366009C25B2 /* DDGLocation.swift */; };
		0F13B67F2A666D95009C25B2 /* DDGProfile.swift in Sources */ = {isa = PBXBuildFile; fileRef = 0F13B67E2A666D95009C25B2 /* DDGProfile.swift */; };
		0F36CD022A5FAA8F00BD95EA /* LocationListCell.swift in Sources */ = {isa = PBXBuildFile; fileRef = 0F36CD012A5FAA8F00BD95EA /* LocationListCell.swift */; };
		0F36CD042A5FBBD500BD95EA /* LocationDetailView.swift in Sources */ = {isa = PBXBuildFile; fileRef = 0F36CD032A5FBBD500BD95EA /* LocationDetailView.swift */; };
		0F45B8132A6681FF00DDD143 /* MockData.swift in Sources */ = {isa = PBXBuildFile; fileRef = 0F45B8122A6681FF00DDD143 /* MockData.swift */; };
		0F45B8162A66A04000DDD143 /* CloudKitManager.swift in Sources */ = {isa = PBXBuildFile; fileRef = 0F45B8152A66A04000DDD143 /* CloudKitManager.swift */; };
		0F45B8182A66A36300DDD143 /* Constants.swift in Sources */ = {isa = PBXBuildFile; fileRef = 0F45B8172A66A36300DDD143 /* Constants.swift */; };
		0F5E07C02A73C39100386267 /* LocationListViewModel.swift in Sources */ = {isa = PBXBuildFile; fileRef = 0F5E07BF2A73C39100386267 /* LocationListViewModel.swift */; };
		0F6298F32A68F95500FF90BD /* OnboardingView.swift in Sources */ = {isa = PBXBuildFile; fileRef = 0F6298F22A68F95500FF90BD /* OnboardingView.swift */; };
		0F6298F62A69063400FF90BD /* XDismissButton.swift in Sources */ = {isa = PBXBuildFile; fileRef = 0F6298F52A69063400FF90BD /* XDismissButton.swift */; };
		0F6298F92A69386D00FF90BD /* PhotoPicker.swift in Sources */ = {isa = PBXBuildFile; fileRef = 0F6298F82A69386D00FF90BD /* PhotoPicker.swift */; };
		0F6298FB2A694EE200FF90BD /* UIImage+Ext.swift in Sources */ = {isa = PBXBuildFile; fileRef = 0F6298FA2A694EE200FF90BD /* UIImage+Ext.swift */; };
		0F7D9DF72A7763F900C7C083 /* MapBalloon.swift in Sources */ = {isa = PBXBuildFile; fileRef = 0F7D9DF62A7763F900C7C083 /* MapBalloon.swift */; };
		0F7D9DF92A77841300C7C083 /* DDGAnnotation.swift in Sources */ = {isa = PBXBuildFile; fileRef = 0F7D9DF82A77841300C7C083 /* DDGAnnotation.swift */; };
		0F7D9DFC2A77A8B400C7C083 /* AppTabViewModel.swift in Sources */ = {isa = PBXBuildFile; fileRef = 0F7D9DFB2A77A8B400C7C083 /* AppTabViewModel.swift */; };
		0F7E24BD2A5EADAA00CE1308 /* DubDubGrubApp.swift in Sources */ = {isa = PBXBuildFile; fileRef = 0F7E24BC2A5EADAA00CE1308 /* DubDubGrubApp.swift */; };
		0F7E24C12A5EADAC00CE1308 /* Assets.xcassets in Resources */ = {isa = PBXBuildFile; fileRef = 0F7E24C02A5EADAC00CE1308 /* Assets.xcassets */; };
		0F7E24C42A5EADAC00CE1308 /* Preview Assets.xcassets in Resources */ = {isa = PBXBuildFile; fileRef = 0F7E24C32A5EADAC00CE1308 /* Preview Assets.xcassets */; };
		0F7E24CC2A5EB46600CE1308 /* Color+Ext.swift in Sources */ = {isa = PBXBuildFile; fileRef = 0F7E24CB2A5EB46600CE1308 /* Color+Ext.swift */; };
		0F7E24CE2A5EBB3C00CE1308 /* AppTabView.swift in Sources */ = {isa = PBXBuildFile; fileRef = 0F7E24CD2A5EBB3C00CE1308 /* AppTabView.swift */; };
		0F7E24D02A5EBB7E00CE1308 /* LocationMapView.swift in Sources */ = {isa = PBXBuildFile; fileRef = 0F7E24CF2A5EBB7E00CE1308 /* LocationMapView.swift */; };
		0F7E24D22A5EC09100CE1308 /* LocationListView.swift in Sources */ = {isa = PBXBuildFile; fileRef = 0F7E24D12A5EC09100CE1308 /* LocationListView.swift */; };
		0F7E24D42A5EC0B600CE1308 /* ProfileView.swift in Sources */ = {isa = PBXBuildFile; fileRef = 0F7E24D32A5EC0B600CE1308 /* ProfileView.swift */; };
		0F7E63272A6F985B008F29B2 /* LoadingView.swift in Sources */ = {isa = PBXBuildFile; fileRef = 0F7E63262A6F985B008F29B2 /* LoadingView.swift */; };
		0F7E632A2A6FE59B008F29B2 /* LocationDetailViewModel.swift in Sources */ = {isa = PBXBuildFile; fileRef = 0F7E63292A6FE59B008F29B2 /* LocationDetailViewModel.swift */; };
		0F9D887A2A7BC5F5004911BD /* ProfileSheetView.swift in Sources */ = {isa = PBXBuildFile; fileRef = 0F9D88792A7BC5F5004911BD /* ProfileSheetView.swift */; };
		0FBDF3312A7D18F500346018 /* HapticManager.swift in Sources */ = {isa = PBXBuildFile; fileRef = 0FBDF3302A7D18F500346018 /* HapticManager.swift */; };
		0FC1C4092A678E0C00C075C9 /* AlertItem.swift in Sources */ = {isa = PBXBuildFile; fileRef = 0FC1C4082A678E0C00C075C9 /* AlertItem.swift */; };
		0FC1C40C2A67A15700C075C9 /* LocationMapViewModel.swift in Sources */ = {isa = PBXBuildFile; fileRef = 0FC1C40B2A67A15700C075C9 /* LocationMapViewModel.swift */; };
		0FC1C40F2A67B47200C075C9 /* LocationManager.swift in Sources */ = {isa = PBXBuildFile; fileRef = 0FC1C40E2A67B47200C075C9 /* LocationManager.swift */; };
		0FCC5D502A78CA7D003C95FB /* LogoView.swift in Sources */ = {isa = PBXBuildFile; fileRef = 0FCC5D4F2A78CA7D003C95FB /* LogoView.swift */; };
		0FDE8C9E2A6124800099F7D8 /* AvatarView.swift in Sources */ = {isa = PBXBuildFile; fileRef = 0FDE8C9D2A6124800099F7D8 /* AvatarView.swift */; };
		0FDE8CA02A61696F0099F7D8 /* CustomModifiers.swift in Sources */ = {isa = PBXBuildFile; fileRef = 0FDE8C9F2A61696F0099F7D8 /* CustomModifiers.swift */; };
		0FDE8CA22A6169B50099F7D8 /* View+Ext.swift in Sources */ = {isa = PBXBuildFile; fileRef = 0FDE8CA12A6169B50099F7D8 /* View+Ext.swift */; };
		0FDE8CA42A616E000099F7D8 /* DDGButton.swift in Sources */ = {isa = PBXBuildFile; fileRef = 0FDE8CA32A616E000099F7D8 /* DDGButton.swift */; };
		0FF92EA82A67DACC007B66B9 /* CKAsset+Ext.swift in Sources */ = {isa = PBXBuildFile; fileRef = 0FF92EA72A67DACC007B66B9 /* CKAsset+Ext.swift */; };
/* End PBXBuildFile section */

/* Begin PBXFileReference section */
		0F0786212A6E8F6C003B514E /* ProfileViewModel.swift */ = {isa = PBXFileReference; lastKnownFileType = sourcecode.swift; path = ProfileViewModel.swift; sourceTree = "<group>"; };
		0F0E5E3F2A70FB9E007D585F /* ProfileModalView.swift */ = {isa = PBXFileReference; lastKnownFileType = sourcecode.swift; path = ProfileModalView.swift; sourceTree = "<group>"; };
		0F13B67C2A666366009C25B2 /* DDGLocation.swift */ = {isa = PBXFileReference; lastKnownFileType = sourcecode.swift; path = DDGLocation.swift; sourceTree = "<group>"; };
		0F13B67E2A666D95009C25B2 /* DDGProfile.swift */ = {isa = PBXFileReference; lastKnownFileType = sourcecode.swift; path = DDGProfile.swift; sourceTree = "<group>"; };
		0F36CD012A5FAA8F00BD95EA /* LocationListCell.swift */ = {isa = PBXFileReference; lastKnownFileType = sourcecode.swift; path = LocationListCell.swift; sourceTree = "<group>"; };
		0F36CD032A5FBBD500BD95EA /* LocationDetailView.swift */ = {isa = PBXFileReference; lastKnownFileType = sourcecode.swift; path = LocationDetailView.swift; sourceTree = "<group>"; };
		0F45B8122A6681FF00DDD143 /* MockData.swift */ = {isa = PBXFileReference; lastKnownFileType = sourcecode.swift; path = MockData.swift; sourceTree = "<group>"; };
		0F45B8152A66A04000DDD143 /* CloudKitManager.swift */ = {isa = PBXFileReference; lastKnownFileType = sourcecode.swift; path = CloudKitManager.swift; sourceTree = "<group>"; };
		0F45B8172A66A36300DDD143 /* Constants.swift */ = {isa = PBXFileReference; lastKnownFileType = sourcecode.swift; path = Constants.swift; sourceTree = "<group>"; };
		0F5E07BF2A73C39100386267 /* LocationListViewModel.swift */ = {isa = PBXFileReference; lastKnownFileType = sourcecode.swift; path = LocationListViewModel.swift; sourceTree = "<group>"; };
		0F6298F22A68F95500FF90BD /* OnboardingView.swift */ = {isa = PBXFileReference; lastKnownFileType = sourcecode.swift; path = OnboardingView.swift; sourceTree = "<group>"; };
		0F6298F52A69063400FF90BD /* XDismissButton.swift */ = {isa = PBXFileReference; lastKnownFileType = sourcecode.swift; path = XDismissButton.swift; sourceTree = "<group>"; };
		0F6298F82A69386D00FF90BD /* PhotoPicker.swift */ = {isa = PBXFileReference; lastKnownFileType = sourcecode.swift; path = PhotoPicker.swift; sourceTree = "<group>"; };
		0F6298FA2A694EE200FF90BD /* UIImage+Ext.swift */ = {isa = PBXFileReference; lastKnownFileType = sourcecode.swift; path = "UIImage+Ext.swift"; sourceTree = "<group>"; };
		0F7D9DF62A7763F900C7C083 /* MapBalloon.swift */ = {isa = PBXFileReference; lastKnownFileType = sourcecode.swift; path = MapBalloon.swift; sourceTree = "<group>"; };
		0F7D9DF82A77841300C7C083 /* DDGAnnotation.swift */ = {isa = PBXFileReference; lastKnownFileType = sourcecode.swift; path = DDGAnnotation.swift; sourceTree = "<group>"; };
		0F7D9DFB2A77A8B400C7C083 /* AppTabViewModel.swift */ = {isa = PBXFileReference; lastKnownFileType = sourcecode.swift; path = AppTabViewModel.swift; sourceTree = "<group>"; };
		0F7E24B92A5EADAA00CE1308 /* DubDubGrub.app */ = {isa = PBXFileReference; explicitFileType = wrapper.application; includeInIndex = 0; path = DubDubGrub.app; sourceTree = BUILT_PRODUCTS_DIR; };
		0F7E24BC2A5EADAA00CE1308 /* DubDubGrubApp.swift */ = {isa = PBXFileReference; lastKnownFileType = sourcecode.swift; path = DubDubGrubApp.swift; sourceTree = "<group>"; };
		0F7E24C02A5EADAC00CE1308 /* Assets.xcassets */ = {isa = PBXFileReference; lastKnownFileType = folder.assetcatalog; path = Assets.xcassets; sourceTree = "<group>"; };
		0F7E24C32A5EADAC00CE1308 /* Preview Assets.xcassets */ = {isa = PBXFileReference; lastKnownFileType = folder.assetcatalog; path = "Preview Assets.xcassets"; sourceTree = "<group>"; };
		0F7E24CA2A5EAF6400CE1308 /* DubDubGrub.entitlements */ = {isa = PBXFileReference; lastKnownFileType = text.plist.entitlements; path = DubDubGrub.entitlements; sourceTree = "<group>"; };
		0F7E24CB2A5EB46600CE1308 /* Color+Ext.swift */ = {isa = PBXFileReference; lastKnownFileType = sourcecode.swift; path = "Color+Ext.swift"; sourceTree = "<group>"; };
		0F7E24CD2A5EBB3C00CE1308 /* AppTabView.swift */ = {isa = PBXFileReference; lastKnownFileType = sourcecode.swift; path = AppTabView.swift; sourceTree = "<group>"; };
		0F7E24CF2A5EBB7E00CE1308 /* LocationMapView.swift */ = {isa = PBXFileReference; lastKnownFileType = sourcecode.swift; path = LocationMapView.swift; sourceTree = "<group>"; };
		0F7E24D12A5EC09100CE1308 /* LocationListView.swift */ = {isa = PBXFileReference; lastKnownFileType = sourcecode.swift; path = LocationListView.swift; sourceTree = "<group>"; };
		0F7E24D32A5EC0B600CE1308 /* ProfileView.swift */ = {isa = PBXFileReference; lastKnownFileType = sourcecode.swift; path = ProfileView.swift; sourceTree = "<group>"; };
		0F7E63262A6F985B008F29B2 /* LoadingView.swift */ = {isa = PBXFileReference; lastKnownFileType = sourcecode.swift; path = LoadingView.swift; sourceTree = "<group>"; };
		0F7E63292A6FE59B008F29B2 /* LocationDetailViewModel.swift */ = {isa = PBXFileReference; lastKnownFileType = sourcecode.swift; path = LocationDetailViewModel.swift; sourceTree = "<group>"; };
		0F9D88792A7BC5F5004911BD /* ProfileSheetView.swift */ = {isa = PBXFileReference; lastKnownFileType = sourcecode.swift; path = ProfileSheetView.swift; sourceTree = "<group>"; };
		0FBDF3302A7D18F500346018 /* HapticManager.swift */ = {isa = PBXFileReference; lastKnownFileType = sourcecode.swift; path = HapticManager.swift; sourceTree = "<group>"; };
		0FC1C4082A678E0C00C075C9 /* AlertItem.swift */ = {isa = PBXFileReference; lastKnownFileType = sourcecode.swift; path = AlertItem.swift; sourceTree = "<group>"; };
		0FC1C40B2A67A15700C075C9 /* LocationMapViewModel.swift */ = {isa = PBXFileReference; lastKnownFileType = sourcecode.swift; path = LocationMapViewModel.swift; sourceTree = "<group>"; };
		0FC1C40E2A67B47200C075C9 /* LocationManager.swift */ = {isa = PBXFileReference; lastKnownFileType = sourcecode.swift; path = LocationManager.swift; sourceTree = "<group>"; };
		0FCC5D4F2A78CA7D003C95FB /* LogoView.swift */ = {isa = PBXFileReference; lastKnownFileType = sourcecode.swift; path = LogoView.swift; sourceTree = "<group>"; };
		0FCC5D512A78E0EB003C95FB /* Info.plist */ = {isa = PBXFileReference; lastKnownFileType = text.plist; path = Info.plist; sourceTree = "<group>"; };
		0FDE8C9D2A6124800099F7D8 /* AvatarView.swift */ = {isa = PBXFileReference; lastKnownFileType = sourcecode.swift; path = AvatarView.swift; sourceTree = "<group>"; };
		0FDE8C9F2A61696F0099F7D8 /* CustomModifiers.swift */ = {isa = PBXFileReference; lastKnownFileType = sourcecode.swift; path = CustomModifiers.swift; sourceTree = "<group>"; };
		0FDE8CA12A6169B50099F7D8 /* View+Ext.swift */ = {isa = PBXFileReference; lastKnownFileType = sourcecode.swift; path = "View+Ext.swift"; sourceTree = "<group>"; };
		0FDE8CA32A616E000099F7D8 /* DDGButton.swift */ = {isa = PBXFileReference; lastKnownFileType = sourcecode.swift; path = DDGButton.swift; sourceTree = "<group>"; };
		0FF92EA72A67DACC007B66B9 /* CKAsset+Ext.swift */ = {isa = PBXFileReference; lastKnownFileType = sourcecode.swift; path = "CKAsset+Ext.swift"; sourceTree = "<group>"; };
/* End PBXFileReference section */

/* Begin PBXFrameworksBuildPhase section */
		0F7E24B62A5EADAA00CE1308 /* Frameworks */ = {
			isa = PBXFrameworksBuildPhase;
			buildActionMask = 2147483647;
			files = (
			);
			runOnlyForDeploymentPostprocessing = 0;
		};
/* End PBXFrameworksBuildPhase section */

/* Begin PBXGroup section */
		0F0786202A6E8F43003B514E /* ProfileView */ = {
			isa = PBXGroup;
			children = (
				0F0786212A6E8F6C003B514E /* ProfileViewModel.swift */,
				0F7E24D32A5EC0B600CE1308 /* ProfileView.swift */,
			);
			path = ProfileView;
			sourceTree = "<group>";
		};
		0F13B67B2A666342009C25B2 /* Model */ = {
			isa = PBXGroup;
			children = (
				0F13B67C2A666366009C25B2 /* DDGLocation.swift */,
				0F13B67E2A666D95009C25B2 /* DDGProfile.swift */,
				0F45B8122A6681FF00DDD143 /* MockData.swift */,
			);
			path = Model;
			sourceTree = "<group>";
		};
		0F45B8142A669BD200DDD143 /* Utilities */ = {
			isa = PBXGroup;
			children = (
				0FC1C40D2A67B42F00C075C9 /* Managers */,
				0FDE8CA52A6171440099F7D8 /* Extensions */,
				0F45B8172A66A36300DDD143 /* Constants.swift */,
				0FC1C4082A678E0C00C075C9 /* AlertItem.swift */,
			);
			path = Utilities;
			sourceTree = "<group>";
		};
		0F5E07BE2A73C0BC00386267 /* LocationListView */ = {
			isa = PBXGroup;
			children = (
				0F5E07BF2A73C39100386267 /* LocationListViewModel.swift */,
				0F7E24D12A5EC09100CE1308 /* LocationListView.swift */,
				0F36CD012A5FAA8F00BD95EA /* LocationListCell.swift */,
			);
			path = LocationListView;
			sourceTree = "<group>";
		};
		0F6298F42A69061900FF90BD /* Buttons */ = {
			isa = PBXGroup;
			children = (
				0F6298F52A69063400FF90BD /* XDismissButton.swift */,
				0FDE8CA32A616E000099F7D8 /* DDGButton.swift */,
			);
			path = Buttons;
			sourceTree = "<group>";
		};
		0F6298F72A6937E600FF90BD /* UIKit Components */ = {
			isa = PBXGroup;
			children = (
				0F6298F82A69386D00FF90BD /* PhotoPicker.swift */,
			);
			path = "UIKit Components";
			sourceTree = "<group>";
		};
		0F7D9DF52A77636C00C7C083 /* Map Annotation */ = {
			isa = PBXGroup;
			children = (
				0F7D9DF62A7763F900C7C083 /* MapBalloon.swift */,
				0F7D9DF82A77841300C7C083 /* DDGAnnotation.swift */,
			);
			path = "Map Annotation";
			sourceTree = "<group>";
		};
		0F7D9DFA2A77A57900C7C083 /* AppTabView */ = {
			isa = PBXGroup;
			children = (
				0F7D9DFB2A77A8B400C7C083 /* AppTabViewModel.swift */,
				0F7E24CD2A5EBB3C00CE1308 /* AppTabView.swift */,
			);
			path = AppTabView;
			sourceTree = "<group>";
		};
		0F7E24B02A5EADAA00CE1308 = {
			isa = PBXGroup;
			children = (
				0F7E24BB2A5EADAA00CE1308 /* DubDubGrub */,
				0F7E24BA2A5EADAA00CE1308 /* Products */,
			);
			sourceTree = "<group>";
		};
		0F7E24BA2A5EADAA00CE1308 /* Products */ = {
			isa = PBXGroup;
			children = (
				0F7E24B92A5EADAA00CE1308 /* DubDubGrub.app */,
			);
			name = Products;
			sourceTree = "<group>";
		};
		0F7E24BB2A5EADAA00CE1308 /* DubDubGrub */ = {
			isa = PBXGroup;
			children = (
				0FCC5D512A78E0EB003C95FB /* Info.plist */,
				0F45B8142A669BD200DDD143 /* Utilities */,
				0F13B67B2A666342009C25B2 /* Model */,
				0FDE8CA62A6171880099F7D8 /* Views */,
				0F7E24CA2A5EAF6400CE1308 /* DubDubGrub.entitlements */,
				0F7E24BC2A5EADAA00CE1308 /* DubDubGrubApp.swift */,
				0F7E24C02A5EADAC00CE1308 /* Assets.xcassets */,
				0F7E24C22A5EADAC00CE1308 /* Preview Content */,
			);
			path = DubDubGrub;
			sourceTree = "<group>";
		};
		0F7E24C22A5EADAC00CE1308 /* Preview Content */ = {
			isa = PBXGroup;
			children = (
				0F7E24C32A5EADAC00CE1308 /* Preview Assets.xcassets */,
			);
			path = "Preview Content";
			sourceTree = "<group>";
		};
		0F7E63282A6FE560008F29B2 /* LocationDetailView */ = {
			isa = PBXGroup;
			children = (
				0F7E63292A6FE59B008F29B2 /* LocationDetailViewModel.swift */,
				0F36CD032A5FBBD500BD95EA /* LocationDetailView.swift */,
				0F0E5E3F2A70FB9E007D585F /* ProfileModalView.swift */,
				0F9D88792A7BC5F5004911BD /* ProfileSheetView.swift */,
			);
			path = LocationDetailView;
			sourceTree = "<group>";
		};
		0FC1C40A2A67A12000C075C9 /* LocationMapView */ = {
			isa = PBXGroup;
			children = (
				0FC1C40B2A67A15700C075C9 /* LocationMapViewModel.swift */,
				0F7E24CF2A5EBB7E00CE1308 /* LocationMapView.swift */,
			);
			path = LocationMapView;
			sourceTree = "<group>";
		};
		0FC1C40D2A67B42F00C075C9 /* Managers */ = {
			isa = PBXGroup;
			children = (
				0F45B8152A66A04000DDD143 /* CloudKitManager.swift */,
				0FBDF3302A7D18F500346018 /* HapticManager.swift */,
				0FC1C40E2A67B47200C075C9 /* LocationManager.swift */,
			);
			path = Managers;
			sourceTree = "<group>";
		};
		0FDE8CA52A6171440099F7D8 /* Extensions */ = {
			isa = PBXGroup;
			children = (
				0F7E24CB2A5EB46600CE1308 /* Color+Ext.swift */,
				0FDE8CA12A6169B50099F7D8 /* View+Ext.swift */,
				0FF92EA72A67DACC007B66B9 /* CKAsset+Ext.swift */,
				0F6298FA2A694EE200FF90BD /* UIImage+Ext.swift */,
			);
			path = Extensions;
			sourceTree = "<group>";
		};
		0FDE8CA62A6171880099F7D8 /* Views */ = {
			isa = PBXGroup;
			children = (
				0FDE8C9F2A61696F0099F7D8 /* CustomModifiers.swift */,
				0FDE8CA92A61720E0099F7D8 /* CustomViews */,
				0FDE8CA72A61719F0099F7D8 /* Screens */,
			);
			path = Views;
			sourceTree = "<group>";
		};
		0FDE8CA72A61719F0099F7D8 /* Screens */ = {
			isa = PBXGroup;
			children = (
				0F7D9DFA2A77A57900C7C083 /* AppTabView */,
				0F5E07BE2A73C0BC00386267 /* LocationListView */,
				0F7E63282A6FE560008F29B2 /* LocationDetailView */,
				0F0786202A6E8F43003B514E /* ProfileView */,
				0FC1C40A2A67A12000C075C9 /* LocationMapView */,
				0F6298F22A68F95500FF90BD /* OnboardingView.swift */,
			);
			path = Screens;
			sourceTree = "<group>";
		};
		0FDE8CA92A61720E0099F7D8 /* CustomViews */ = {
			isa = PBXGroup;
			children = (
				0F7D9DF52A77636C00C7C083 /* Map Annotation */,
				0F6298F72A6937E600FF90BD /* UIKit Components */,
				0F6298F42A69061900FF90BD /* Buttons */,
				0FDE8C9D2A6124800099F7D8 /* AvatarView.swift */,
				0FCC5D4F2A78CA7D003C95FB /* LogoView.swift */,
				0F7E63262A6F985B008F29B2 /* LoadingView.swift */,
			);
			path = CustomViews;
			sourceTree = "<group>";
		};
/* End PBXGroup section */

/* Begin PBXNativeTarget section */
		0F7E24B82A5EADAA00CE1308 /* DubDubGrub */ = {
			isa = PBXNativeTarget;
			buildConfigurationList = 0F7E24C72A5EADAC00CE1308 /* Build configuration list for PBXNativeTarget "DubDubGrub" */;
			buildPhases = (
				0F7E24B52A5EADAA00CE1308 /* Sources */,
				0F7E24B62A5EADAA00CE1308 /* Frameworks */,
				0F7E24B72A5EADAA00CE1308 /* Resources */,
			);
			buildRules = (
			);
			dependencies = (
			);
			name = DubDubGrub;
			productName = DubDubGrub;
			productReference = 0F7E24B92A5EADAA00CE1308 /* DubDubGrub.app */;
			productType = "com.apple.product-type.application";
		};
/* End PBXNativeTarget section */

/* Begin PBXProject section */
		0F7E24B12A5EADAA00CE1308 /* Project object */ = {
			isa = PBXProject;
			attributes = {
				BuildIndependentTargetsInParallel = 1;
				LastSwiftUpdateCheck = 1430;
				LastUpgradeCheck = 1430;
				TargetAttributes = {
					0F7E24B82A5EADAA00CE1308 = {
						CreatedOnToolsVersion = 14.3.1;
					};
				};
			};
			buildConfigurationList = 0F7E24B42A5EADAA00CE1308 /* Build configuration list for PBXProject "DubDubGrub" */;
			compatibilityVersion = "Xcode 14.0";
			developmentRegion = en;
			hasScannedForEncodings = 0;
			knownRegions = (
				en,
				Base,
			);
			mainGroup = 0F7E24B02A5EADAA00CE1308;
			productRefGroup = 0F7E24BA2A5EADAA00CE1308 /* Products */;
			projectDirPath = "";
			projectRoot = "";
			targets = (
				0F7E24B82A5EADAA00CE1308 /* DubDubGrub */,
			);
		};
/* End PBXProject section */

/* Begin PBXResourcesBuildPhase section */
		0F7E24B72A5EADAA00CE1308 /* Resources */ = {
			isa = PBXResourcesBuildPhase;
			buildActionMask = 2147483647;
			files = (
				0F7E24C42A5EADAC00CE1308 /* Preview Assets.xcassets in Resources */,
				0F7E24C12A5EADAC00CE1308 /* Assets.xcassets in Resources */,
			);
			runOnlyForDeploymentPostprocessing = 0;
		};
/* End PBXResourcesBuildPhase section */

/* Begin PBXSourcesBuildPhase section */
		0F7E24B52A5EADAA00CE1308 /* Sources */ = {
			isa = PBXSourcesBuildPhase;
			buildActionMask = 2147483647;
			files = (
				0F7E24BD2A5EADAA00CE1308 /* DubDubGrubApp.swift in Sources */,
				0F45B8182A66A36300DDD143 /* Constants.swift in Sources */,
				0FDE8CA02A61696F0099F7D8 /* CustomModifiers.swift in Sources */,
				0F0786222A6E8F6C003B514E /* ProfileViewModel.swift in Sources */,
				0F7E24D02A5EBB7E00CE1308 /* LocationMapView.swift in Sources */,
				0FBDF3312A7D18F500346018 /* HapticManager.swift in Sources */,
				0F7E63272A6F985B008F29B2 /* LoadingView.swift in Sources */,
				0FC1C40C2A67A15700C075C9 /* LocationMapViewModel.swift in Sources */,
				0F36CD042A5FBBD500BD95EA /* LocationDetailView.swift in Sources */,
				0F45B8132A6681FF00DDD143 /* MockData.swift in Sources */,
				0F5E07C02A73C39100386267 /* LocationListViewModel.swift in Sources */,
				0F7E24D22A5EC09100CE1308 /* LocationListView.swift in Sources */,
				0F13B67F2A666D95009C25B2 /* DDGProfile.swift in Sources */,
				0F13B67D2A666366009C25B2 /* DDGLocation.swift in Sources */,
				0F36CD022A5FAA8F00BD95EA /* LocationListCell.swift in Sources */,
				0F7E24CE2A5EBB3C00CE1308 /* AppTabView.swift in Sources */,
				0F7D9DF92A77841300C7C083 /* DDGAnnotation.swift in Sources */,
				0F45B8162A66A04000DDD143 /* CloudKitManager.swift in Sources */,
				0F7D9DF72A7763F900C7C083 /* MapBalloon.swift in Sources */,
				0FC1C4092A678E0C00C075C9 /* AlertItem.swift in Sources */,
				0FDE8CA22A6169B50099F7D8 /* View+Ext.swift in Sources */,
				0F7E24D42A5EC0B600CE1308 /* ProfileView.swift in Sources */,
				0FC1C40F2A67B47200C075C9 /* LocationManager.swift in Sources */,
				0FF92EA82A67DACC007B66B9 /* CKAsset+Ext.swift in Sources */,
				0F6298FB2A694EE200FF90BD /* UIImage+Ext.swift in Sources */,
				0FCC5D502A78CA7D003C95FB /* LogoView.swift in Sources */,
				0FDE8CA42A616E000099F7D8 /* DDGButton.swift in Sources */,
				0FDE8C9E2A6124800099F7D8 /* AvatarView.swift in Sources */,
				0F6298F32A68F95500FF90BD /* OnboardingView.swift in Sources */,
				0F7D9DFC2A77A8B400C7C083 /* AppTabViewModel.swift in Sources */,
				0F9D887A2A7BC5F5004911BD /* ProfileSheetView.swift in Sources */,
				0F7E24CC2A5EB46600CE1308 /* Color+Ext.swift in Sources */,
				0F6298F92A69386D00FF90BD /* PhotoPicker.swift in Sources */,
				0F6298F62A69063400FF90BD /* XDismissButton.swift in Sources */,
				0F0E5E402A70FB9E007D585F /* ProfileModalView.swift in Sources */,
				0F7E632A2A6FE59B008F29B2 /* LocationDetailViewModel.swift in Sources */,
			);
			runOnlyForDeploymentPostprocessing = 0;
		};
/* End PBXSourcesBuildPhase section */

/* Begin XCBuildConfiguration section */
		0F7E24C52A5EADAC00CE1308 /* Debug */ = {
			isa = XCBuildConfiguration;
			buildSettings = {
				ALWAYS_SEARCH_USER_PATHS = NO;
				CLANG_ANALYZER_NONNULL = YES;
				CLANG_ANALYZER_NUMBER_OBJECT_CONVERSION = YES_AGGRESSIVE;
				CLANG_CXX_LANGUAGE_STANDARD = "gnu++20";
				CLANG_ENABLE_MODULES = YES;
				CLANG_ENABLE_OBJC_ARC = YES;
				CLANG_ENABLE_OBJC_WEAK = YES;
				CLANG_WARN_BLOCK_CAPTURE_AUTORELEASING = YES;
				CLANG_WARN_BOOL_CONVERSION = YES;
				CLANG_WARN_COMMA = YES;
				CLANG_WARN_CONSTANT_CONVERSION = YES;
				CLANG_WARN_DEPRECATED_OBJC_IMPLEMENTATIONS = YES;
				CLANG_WARN_DIRECT_OBJC_ISA_USAGE = YES_ERROR;
				CLANG_WARN_DOCUMENTATION_COMMENTS = YES;
				CLANG_WARN_EMPTY_BODY = YES;
				CLANG_WARN_ENUM_CONVERSION = YES;
				CLANG_WARN_INFINITE_RECURSION = YES;
				CLANG_WARN_INT_CONVERSION = YES;
				CLANG_WARN_NON_LITERAL_NULL_CONVERSION = YES;
				CLANG_WARN_OBJC_IMPLICIT_RETAIN_SELF = YES;
				CLANG_WARN_OBJC_LITERAL_CONVERSION = YES;
				CLANG_WARN_OBJC_ROOT_CLASS = YES_ERROR;
				CLANG_WARN_QUOTED_INCLUDE_IN_FRAMEWORK_HEADER = YES;
				CLANG_WARN_RANGE_LOOP_ANALYSIS = YES;
				CLANG_WARN_STRICT_PROTOTYPES = YES;
				CLANG_WARN_SUSPICIOUS_MOVE = YES;
				CLANG_WARN_UNGUARDED_AVAILABILITY = YES_AGGRESSIVE;
				CLANG_WARN_UNREACHABLE_CODE = YES;
				CLANG_WARN__DUPLICATE_METHOD_MATCH = YES;
				COPY_PHASE_STRIP = NO;
				DEBUG_INFORMATION_FORMAT = dwarf;
				ENABLE_STRICT_OBJC_MSGSEND = YES;
				ENABLE_TESTABILITY = YES;
				GCC_C_LANGUAGE_STANDARD = gnu11;
				GCC_DYNAMIC_NO_PIC = NO;
				GCC_NO_COMMON_BLOCKS = YES;
				GCC_OPTIMIZATION_LEVEL = 0;
				GCC_PREPROCESSOR_DEFINITIONS = (
					"DEBUG=1",
					"$(inherited)",
				);
				GCC_WARN_64_TO_32_BIT_CONVERSION = YES;
				GCC_WARN_ABOUT_RETURN_TYPE = YES_ERROR;
				GCC_WARN_UNDECLARED_SELECTOR = YES;
				GCC_WARN_UNINITIALIZED_AUTOS = YES_AGGRESSIVE;
				GCC_WARN_UNUSED_FUNCTION = YES;
				GCC_WARN_UNUSED_VARIABLE = YES;
				IPHONEOS_DEPLOYMENT_TARGET = 16.4;
				MTL_ENABLE_DEBUG_INFO = INCLUDE_SOURCE;
				MTL_FAST_MATH = YES;
				ONLY_ACTIVE_ARCH = YES;
				SDKROOT = iphoneos;
				SWIFT_ACTIVE_COMPILATION_CONDITIONS = DEBUG;
				SWIFT_OPTIMIZATION_LEVEL = "-Onone";
			};
			name = Debug;
		};
		0F7E24C62A5EADAC00CE1308 /* Release */ = {
			isa = XCBuildConfiguration;
			buildSettings = {
				ALWAYS_SEARCH_USER_PATHS = NO;
				CLANG_ANALYZER_NONNULL = YES;
				CLANG_ANALYZER_NUMBER_OBJECT_CONVERSION = YES_AGGRESSIVE;
				CLANG_CXX_LANGUAGE_STANDARD = "gnu++20";
				CLANG_ENABLE_MODULES = YES;
				CLANG_ENABLE_OBJC_ARC = YES;
				CLANG_ENABLE_OBJC_WEAK = YES;
				CLANG_WARN_BLOCK_CAPTURE_AUTORELEASING = YES;
				CLANG_WARN_BOOL_CONVERSION = YES;
				CLANG_WARN_COMMA = YES;
				CLANG_WARN_CONSTANT_CONVERSION = YES;
				CLANG_WARN_DEPRECATED_OBJC_IMPLEMENTATIONS = YES;
				CLANG_WARN_DIRECT_OBJC_ISA_USAGE = YES_ERROR;
				CLANG_WARN_DOCUMENTATION_COMMENTS = YES;
				CLANG_WARN_EMPTY_BODY = YES;
				CLANG_WARN_ENUM_CONVERSION = YES;
				CLANG_WARN_INFINITE_RECURSION = YES;
				CLANG_WARN_INT_CONVERSION = YES;
				CLANG_WARN_NON_LITERAL_NULL_CONVERSION = YES;
				CLANG_WARN_OBJC_IMPLICIT_RETAIN_SELF = YES;
				CLANG_WARN_OBJC_LITERAL_CONVERSION = YES;
				CLANG_WARN_OBJC_ROOT_CLASS = YES_ERROR;
				CLANG_WARN_QUOTED_INCLUDE_IN_FRAMEWORK_HEADER = YES;
				CLANG_WARN_RANGE_LOOP_ANALYSIS = YES;
				CLANG_WARN_STRICT_PROTOTYPES = YES;
				CLANG_WARN_SUSPICIOUS_MOVE = YES;
				CLANG_WARN_UNGUARDED_AVAILABILITY = YES_AGGRESSIVE;
				CLANG_WARN_UNREACHABLE_CODE = YES;
				CLANG_WARN__DUPLICATE_METHOD_MATCH = YES;
				COPY_PHASE_STRIP = NO;
				DEBUG_INFORMATION_FORMAT = "dwarf-with-dsym";
				ENABLE_NS_ASSERTIONS = NO;
				ENABLE_STRICT_OBJC_MSGSEND = YES;
				GCC_C_LANGUAGE_STANDARD = gnu11;
				GCC_NO_COMMON_BLOCKS = YES;
				GCC_WARN_64_TO_32_BIT_CONVERSION = YES;
				GCC_WARN_ABOUT_RETURN_TYPE = YES_ERROR;
				GCC_WARN_UNDECLARED_SELECTOR = YES;
				GCC_WARN_UNINITIALIZED_AUTOS = YES_AGGRESSIVE;
				GCC_WARN_UNUSED_FUNCTION = YES;
				GCC_WARN_UNUSED_VARIABLE = YES;
				IPHONEOS_DEPLOYMENT_TARGET = 16.4;
				MTL_ENABLE_DEBUG_INFO = NO;
				MTL_FAST_MATH = YES;
				SDKROOT = iphoneos;
				SWIFT_COMPILATION_MODE = wholemodule;
				SWIFT_OPTIMIZATION_LEVEL = "-O";
				VALIDATE_PRODUCT = YES;
			};
			name = Release;
		};
		0F7E24C82A5EADAC00CE1308 /* Debug */ = {
			isa = XCBuildConfiguration;
			buildSettings = {
				ASSETCATALOG_COMPILER_APPICON_NAME = AppIcon;
				ASSETCATALOG_COMPILER_GLOBAL_ACCENT_COLOR_NAME = AccentColor;
				CODE_SIGN_ENTITLEMENTS = DubDubGrub/DubDubGrub.entitlements;
				CODE_SIGN_STYLE = Automatic;
				CURRENT_PROJECT_VERSION = 1;
				DEVELOPMENT_ASSET_PATHS = "\"DubDubGrub/Preview Content\"";
				DEVELOPMENT_TEAM = BKMPBLC75A;
				ENABLE_PREVIEWS = YES;
				GENERATE_INFOPLIST_FILE = YES;
				INFOPLIST_FILE = DubDubGrub/Info.plist;
				INFOPLIST_KEY_NSLocationWhenInUseUsageDescription = "Dub Dub Grub uses your location to show you where you are in relation to your friends and food.";
				INFOPLIST_KEY_UIApplicationSceneManifest_Generation = YES;
				INFOPLIST_KEY_UIApplicationSupportsIndirectInputEvents = YES;
				INFOPLIST_KEY_UIStatusBarStyle = "";
				INFOPLIST_KEY_UISupportedInterfaceOrientations = "UIInterfaceOrientationLandscapeLeft UIInterfaceOrientationLandscapeRight UIInterfaceOrientationPortrait";
				IPHONEOS_DEPLOYMENT_TARGET = 16.4;
				LD_RUNPATH_SEARCH_PATHS = (
					"$(inherited)",
					"@executable_path/Frameworks",
				);
				MARKETING_VERSION = 1.0;
				PRODUCT_BUNDLE_IDENTIFIER = ibt.DubDubGrub;
				PRODUCT_NAME = "$(TARGET_NAME)";
				SWIFT_EMIT_LOC_STRINGS = YES;
				SWIFT_VERSION = 5.0;
				TARGETED_DEVICE_FAMILY = "1,2";
			};
			name = Debug;
		};
		0F7E24C92A5EADAC00CE1308 /* Release */ = {
			isa = XCBuildConfiguration;
			buildSettings = {
				ASSETCATALOG_COMPILER_APPICON_NAME = AppIcon;
				ASSETCATALOG_COMPILER_GLOBAL_ACCENT_COLOR_NAME = AccentColor;
				CODE_SIGN_ENTITLEMENTS = DubDubGrub/DubDubGrub.entitlements;
				CODE_SIGN_STYLE = Automatic;
				CURRENT_PROJECT_VERSION = 1;
				DEVELOPMENT_ASSET_PATHS = "\"DubDubGrub/Preview Content\"";
				DEVELOPMENT_TEAM = BKMPBLC75A;
				ENABLE_PREVIEWS = YES;
				GENERATE_INFOPLIST_FILE = YES;
				INFOPLIST_FILE = DubDubGrub/Info.plist;
				INFOPLIST_KEY_NSLocationWhenInUseUsageDescription = "Dub Dub Grub uses your location to show you where you are in relation to your friends and food.";
				INFOPLIST_KEY_UIApplicationSceneManifest_Generation = YES;
				INFOPLIST_KEY_UIApplicationSupportsIndirectInputEvents = YES;
				INFOPLIST_KEY_UIStatusBarStyle = "";
				INFOPLIST_KEY_UISupportedInterfaceOrientations = "UIInterfaceOrientationLandscapeLeft UIInterfaceOrientationLandscapeRight UIInterfaceOrientationPortrait";
				IPHONEOS_DEPLOYMENT_TARGET = 16.4;
				LD_RUNPATH_SEARCH_PATHS = (
					"$(inherited)",
					"@executable_path/Frameworks",
				);
				MARKETING_VERSION = 1.0;
				PRODUCT_BUNDLE_IDENTIFIER = ibt.DubDubGrub;
				PRODUCT_NAME = "$(TARGET_NAME)";
				SWIFT_EMIT_LOC_STRINGS = YES;
				SWIFT_VERSION = 5.0;
				TARGETED_DEVICE_FAMILY = "1,2";
			};
			name = Release;
		};
/* End XCBuildConfiguration section */

/* Begin XCConfigurationList section */
		0F7E24B42A5EADAA00CE1308 /* Build configuration list for PBXProject "DubDubGrub" */ = {
			isa = XCConfigurationList;
			buildConfigurations = (
				0F7E24C52A5EADAC00CE1308 /* Debug */,
				0F7E24C62A5EADAC00CE1308 /* Release */,
			);
			defaultConfigurationIsVisible = 0;
			defaultConfigurationName = Release;
		};
		0F7E24C72A5EADAC00CE1308 /* Build configuration list for PBXNativeTarget "DubDubGrub" */ = {
			isa = XCConfigurationList;
			buildConfigurations = (
				0F7E24C82A5EADAC00CE1308 /* Debug */,
				0F7E24C92A5EADAC00CE1308 /* Release */,
			);
			defaultConfigurationIsVisible = 0;
			defaultConfigurationName = Release;
		};
/* End XCConfigurationList section */
	};
	rootObject = 0F7E24B12A5EADAA00CE1308 /* Project object */;
}
